// !$*UTF8*$!
{
	archiveVersion = 1;
	classes = {
	};
	objectVersion = 46;
	objects = {

/* Begin PBXBuildFile section */
		C27C89C419FCEE550038B365 /* main.swift in Sources */ = {isa = PBXBuildFile; fileRef = C27C89C319FCEE550038B365 /* main.swift */; };
		C27C89CB19FCEE650038B365 /* Task.swift in Sources */ = {isa = PBXBuildFile; fileRef = C27C89CA19FCEE650038B365 /* Task.swift */; };
		C27C89CD19FCEECF0038B365 /* TaskList.swift in Sources */ = {isa = PBXBuildFile; fileRef = C27C89CC19FCEECF0038B365 /* TaskList.swift */; };
/* End PBXBuildFile section */

/* Begin PBXCopyFilesBuildPhase section */
		C27C89BE19FCEE550038B365 /* CopyFiles */ = {
			isa = PBXCopyFilesBuildPhase;
			buildActionMask = 2147483647;
			dstPath = /usr/share/man/man1/;
			dstSubfolderSpec = 0;
			files = (
			);
			runOnlyForDeploymentPostprocessing = 1;
		};
/* End PBXCopyFilesBuildPhase section */

/* Begin PBXFileReference section */
		C27C89C019FCEE550038B365 /* bolt */ = {isa = PBXFileReference; explicitFileType = "compiled.mach-o.executable"; includeInIndex = 0; path = bolt; sourceTree = BUILT_PRODUCTS_DIR; };
		C27C89C319FCEE550038B365 /* main.swift */ = {isa = PBXFileReference; lastKnownFileType = sourcecode.swift; path = main.swift; sourceTree = "<group>"; };
		C27C89CA19FCEE650038B365 /* Task.swift */ = {isa = PBXFileReference; fileEncoding = 4; lastKnownFileType = sourcecode.swift; path = Task.swift; sourceTree = "<group>"; };
		C27C89CC19FCEECF0038B365 /* TaskList.swift */ = {isa = PBXFileReference; fileEncoding = 4; lastKnownFileType = sourcecode.swift; path = TaskList.swift; sourceTree = "<group>"; };
/* End PBXFileReference section */

/* Begin PBXFrameworksBuildPhase section */
		C27C89BD19FCEE550038B365 /* Frameworks */ = {
			isa = PBXFrameworksBuildPhase;
			buildActionMask = 2147483647;
			files = (
			);
			runOnlyForDeploymentPostprocessing = 0;
		};
/* End PBXFrameworksBuildPhase section */

/* Begin PBXGroup section */
		C27C89B719FCEE550038B365 = {
			isa = PBXGroup;
			children = (
				C27C89C219FCEE550038B365 /* bolt */,
				C27C89C119FCEE550038B365 /* Products */,
			);
			indentWidth = 2;
			sourceTree = "<group>";
			tabWidth = 2;
		};
		C27C89C119FCEE550038B365 /* Products */ = {
			isa = PBXGroup;
			children = (
				C27C89C019FCEE550038B365 /* bolt */,
			);
			name = Products;
			sourceTree = "<group>";
		};
		C27C89C219FCEE550038B365 /* bolt */ = {
			isa = PBXGroup;
			children = (
				C27C89C319FCEE550038B365 /* main.swift */,
				C27C89CA19FCEE650038B365 /* Task.swift */,
				C27C89CC19FCEECF0038B365 /* TaskList.swift */,
			);
			path = bolt;
			sourceTree = "<group>";
		};
/* End PBXGroup section */

/* Begin PBXNativeTarget section */
		C27C89BF19FCEE550038B365 /* bolt */ = {
			isa = PBXNativeTarget;
			buildConfigurationList = C27C89C719FCEE550038B365 /* Build configuration list for PBXNativeTarget "bolt" */;
			buildPhases = (
				C27C89BC19FCEE550038B365 /* Sources */,
				C27C89BD19FCEE550038B365 /* Frameworks */,
				C27C89BE19FCEE550038B365 /* CopyFiles */,
			);
			buildRules = (
			);
			dependencies = (
			);
			name = bolt;
			productName = bolt;
			productReference = C27C89C019FCEE550038B365 /* bolt */;
			productType = "com.apple.product-type.tool";
		};
/* End PBXNativeTarget section */

/* Begin PBXProject section */
		C27C89B819FCEE550038B365 /* Project object */ = {
			isa = PBXProject;
			attributes = {
				LastUpgradeCheck = 0610;
				ORGANIZATIONNAME = "Keith Smiley";
				TargetAttributes = {
					C27C89BF19FCEE550038B365 = {
						CreatedOnToolsVersion = 6.1;
					};
				};
			};
			buildConfigurationList = C27C89BB19FCEE550038B365 /* Build configuration list for PBXProject "bolt" */;
			compatibilityVersion = "Xcode 3.2";
			developmentRegion = English;
			hasScannedForEncodings = 0;
			knownRegions = (
				en,
			);
			mainGroup = C27C89B719FCEE550038B365;
			productRefGroup = C27C89C119FCEE550038B365 /* Products */;
			projectDirPath = "";
			projectRoot = "";
			targets = (
				C27C89BF19FCEE550038B365 /* bolt */,
			);
		};
/* End PBXProject section */

/* Begin PBXSourcesBuildPhase section */
		C27C89BC19FCEE550038B365 /* Sources */ = {
			isa = PBXSourcesBuildPhase;
			buildActionMask = 2147483647;
			files = (
				C27C89CD19FCEECF0038B365 /* TaskList.swift in Sources */,
				C27C89CB19FCEE650038B365 /* Task.swift in Sources */,
				C27C89C419FCEE550038B365 /* main.swift in Sources */,
			);
			runOnlyForDeploymentPostprocessing = 0;
		};
/* End PBXSourcesBuildPhase section */

/* Begin XCBuildConfiguration section */
		C27C89C519FCEE550038B365 /* Debug */ = {
			isa = XCBuildConfiguration;
			buildSettings = {
				ALWAYS_SEARCH_USER_PATHS = NO;
				CLANG_CXX_LANGUAGE_STANDARD = "gnu++0x";
				CLANG_CXX_LIBRARY = "libc++";
				CLANG_ENABLE_MODULES = YES;
				CLANG_ENABLE_OBJC_ARC = YES;
				CLANG_WARN_BOOL_CONVERSION = YES;
				CLANG_WARN_CONSTANT_CONVERSION = YES;
				CLANG_WARN_DIRECT_OBJC_ISA_USAGE = YES_ERROR;
				CLANG_WARN_EMPTY_BODY = YES;
				CLANG_WARN_ENUM_CONVERSION = YES;
				CLANG_WARN_INT_CONVERSION = YES;
				CLANG_WARN_OBJC_ROOT_CLASS = YES_ERROR;
				CLANG_WARN_UNREACHABLE_CODE = YES;
				CLANG_WARN__DUPLICATE_METHOD_MATCH = YES;
				COPY_PHASE_STRIP = NO;
				ENABLE_STRICT_OBJC_MSGSEND = YES;
				GCC_C_LANGUAGE_STANDARD = gnu99;
				GCC_DYNAMIC_NO_PIC = NO;
				GCC_OPTIMIZATION_LEVEL = 0;
				GCC_PREPROCESSOR_DEFINITIONS = (
					"DEBUG=1",
					"$(inherited)",
				);
				GCC_SYMBOLS_PRIVATE_EXTERN = NO;
				GCC_WARN_64_TO_32_BIT_CONVERSION = YES;
				GCC_WARN_ABOUT_RETURN_TYPE = YES_ERROR;
				GCC_WARN_UNDECLARED_SELECTOR = YES;
				GCC_WARN_UNINITIALIZED_AUTOS = YES_AGGRESSIVE;
				GCC_WARN_UNUSED_FUNCTION = YES;
				GCC_WARN_UNUSED_VARIABLE = YES;
				MACOSX_DEPLOYMENT_TARGET = 10.10;
				MTL_ENABLE_DEBUG_INFO = YES;
				ONLY_ACTIVE_ARCH = YES;
				SDKROOT = macosx;
				SWIFT_OPTIMIZATION_LEVEL = "-Onone";
			};
			name = Debug;
		};
		C27C89C619FCEE550038B365 /* Release */ = {
			isa = XCBuildConfiguration;
			buildSettings = {
				ALWAYS_SEARCH_USER_PATHS = NO;
				CLANG_CXX_LANGUAGE_STANDARD = "gnu++0x";
				CLANG_CXX_LIBRARY = "libc++";
				CLANG_ENABLE_MODULES = YES;
				CLANG_ENABLE_OBJC_ARC = YES;
				CLANG_WARN_BOOL_CONVERSION = YES;
				CLANG_WARN_CONSTANT_CONVERSION = YES;
				CLANG_WARN_DIRECT_OBJC_ISA_USAGE = YES_ERROR;
				CLANG_WARN_EMPTY_BODY = YES;
				CLANG_WARN_ENUM_CONVERSION = YES;
				CLANG_WARN_INT_CONVERSION = YES;
				CLANG_WARN_OBJC_ROOT_CLASS = YES_ERROR;
				CLANG_WARN_UNREACHABLE_CODE = YES;
				CLANG_WARN__DUPLICATE_METHOD_MATCH = YES;
				COPY_PHASE_STRIP = YES;
				DEBUG_INFORMATION_FORMAT = "dwarf-with-dsym";
				ENABLE_NS_ASSERTIONS = NO;
				ENABLE_STRICT_OBJC_MSGSEND = YES;
				GCC_C_LANGUAGE_STANDARD = gnu99;
				GCC_WARN_64_TO_32_BIT_CONVERSION = YES;
				GCC_WARN_ABOUT_RETURN_TYPE = YES_ERROR;
				GCC_WARN_UNDECLARED_SELECTOR = YES;
				GCC_WARN_UNINITIALIZED_AUTOS = YES_AGGRESSIVE;
				GCC_WARN_UNUSED_FUNCTION = YES;
				GCC_WARN_UNUSED_VARIABLE = YES;
				MACOSX_DEPLOYMENT_TARGET = 10.10;
				MTL_ENABLE_DEBUG_INFO = NO;
				SDKROOT = macosx;
			};
			name = Release;
		};
		C27C89C819FCEE550038B365 /* Debug */ = {
			isa = XCBuildConfiguration;
			buildSettings = {
				PRODUCT_NAME = "$(TARGET_NAME)";
			};
			name = Debug;
		};
		C27C89C919FCEE550038B365 /* Release */ = {
			isa = XCBuildConfiguration;
			buildSettings = {
				PRODUCT_NAME = "$(TARGET_NAME)";
			};
			name = Release;
		};
/* End XCBuildConfiguration section */

/* Begin XCConfigurationList section */
		C27C89BB19FCEE550038B365 /* Build configuration list for PBXProject "bolt" */ = {
			isa = XCConfigurationList;
			buildConfigurations = (
				C27C89C519FCEE550038B365 /* Debug */,
				C27C89C619FCEE550038B365 /* Release */,
			);
			defaultConfigurationIsVisible = 0;
			defaultConfigurationName = Release;
		};
		C27C89C719FCEE550038B365 /* Build configuration list for PBXNativeTarget "bolt" */ = {
			isa = XCConfigurationList;
			buildConfigurations = (
				C27C89C819FCEE550038B365 /* Debug */,
				C27C89C919FCEE550038B365 /* Release */,
			);
			defaultConfigurationIsVisible = 0;
		};
/* End XCConfigurationList section */
	};
	rootObject = C27C89B819FCEE550038B365 /* Project object */;
}
